apiVersion: apps/v1
kind: Deployment
metadata:
  name: clock
  namespace: comame-xyz
spec:
  replicas: 1
  selector:
    matchLabels:
      app: clock
  template:
    metadata:
      labels:
        app: clock
    spec:
      containers:
      - image: registry.comame.dev/clock:latest
        name: clock
        ports:
        - containerPort: 80
          protocol: TCP
      imagePullSecrets:
        - name: regcred

---

apiVersion: v1
kind: Service
metadata:
  name: clock
  namespace: comame-xyz
spec:
  ports:
    - port: 80
      targetPort: 80
      protocol: TCP
  selector:
    app: clock
